// !$*UTF8*$!
{
	archiveVersion = 1;
	classes = {
	};
	objectVersion = 56;
	objects = {

/* Begin PBXBuildFile section */
		04364D0A2DC353B000BE40ED /* AppDelegate.swift in Sources */ = {isa = PBXBuildFile; fileRef = 04364D092DC353B000BE40ED /* AppDelegate.swift */; };
		04364D0C2DC353B000BE40ED /* SceneDelegate.swift in Sources */ = {isa = PBXBuildFile; fileRef = 04364D0B2DC353B000BE40ED /* SceneDelegate.swift */; };
		04364D0E2DC353B000BE40ED /* ViewController.swift in Sources */ = {isa = PBXBuildFile; fileRef = 04364D0D2DC353B000BE40ED /* ViewController.swift */; };
		04364D112DC353B000BE40ED /* Main.storyboard in Resources */ = {isa = PBXBuildFile; fileRef = 04364D0F2DC353B000BE40ED /* Main.storyboard */; };
		04364D132DC353B400BE40ED /* Assets.xcassets in Resources */ = {isa = PBXBuildFile; fileRef = 04364D122DC353B400BE40ED /* Assets.xcassets */; };
		04364D162DC353B400BE40ED /* LaunchScreen.storyboard in Resources */ = {isa = PBXBuildFile; fileRef = 04364D142DC353B400BE40ED /* LaunchScreen.storyboard */; };
		04364D212DC353B500BE40ED /* UIFusionTests.swift in Sources */ = {isa = PBXBuildFile; fileRef = 04364D202DC353B500BE40ED /* UIFusionTests.swift */; };
		04364D2B2DC353B500BE40ED /* UIFusionUITests.swift in Sources */ = {isa = PBXBuildFile; fileRef = 04364D2A2DC353B500BE40ED /* UIFusionUITests.swift */; };
		04364D2D2DC353B500BE40ED /* UIFusionUITestsLaunchTests.swift in Sources */ = {isa = PBXBuildFile; fileRef = 04364D2C2DC353B500BE40ED /* UIFusionUITestsLaunchTests.swift */; };
		04364D3A2DC358C100BE40ED /* MySwiftUIView.swift in Sources */ = {isa = PBXBuildFile; fileRef = 04364D392DC358C100BE40ED /* MySwiftUIView.swift */; };
/* End PBXBuildFile section */

/* Begin PBXContainerItemProxy section */
		04364D1D2DC353B500BE40ED /* PBXContainerItemProxy */ = {
			isa = PBXContainerItemProxy;
			containerPortal = 04364CFE2DC353AF00BE40ED /* Project object */;
			proxyType = 1;
			remoteGlobalIDString = 04364D052DC353AF00BE40ED;
			remoteInfo = UIFusion;
		};
		04364D272DC353B500BE40ED /* PBXContainerItemProxy */ = {
			isa = PBXContainerItemProxy;
			containerPortal = 04364CFE2DC353AF00BE40ED /* Project object */;
			proxyType = 1;
			remoteGlobalIDString = 04364D052DC353AF00BE40ED;
			remoteInfo = UIFusion;
		};
/* End PBXContainerItemProxy section */

/* Begin PBXFileReference section */
		04364D062DC353B000BE40ED /* UIFusion.app */ = {isa = PBXFileReference; explicitFileType = wrapper.application; includeInIndex = 0; path = UIFusion.app; sourceTree = BUILT_PRODUCTS_DIR; };
		04364D092DC353B000BE40ED /* AppDelegate.swift */ = {isa = PBXFileReference; lastKnownFileType = sourcecode.swift; path = AppDelegate.swift; sourceTree = "<group>"; };
		04364D0B2DC353B000BE40ED /* SceneDelegate.swift */ = {isa = PBXFileReference; lastKnownFileType = sourcecode.swift; path = SceneDelegate.swift; sourceTree = "<group>"; };
		04364D0D2DC353B000BE40ED /* ViewController.swift */ = {isa = PBXFileReference; lastKnownFileType = sourcecode.swift; path = ViewController.swift; sourceTree = "<group>"; };
		04364D102DC353B000BE40ED /* Base */ = {isa = PBXFileReference; lastKnownFileType = file.storyboard; name = Base; path = Base.lproj/Main.storyboard; sourceTree = "<group>"; };
		04364D122DC353B400BE40ED /* Assets.xcassets */ = {isa = PBXFileReference; lastKnownFileType = folder.assetcatalog; path = Assets.xcassets; sourceTree = "<group>"; };
		04364D152DC353B400BE40ED /* Base */ = {isa = PBXFileReference; lastKnownFileType = file.storyboard; name = Base; path = Base.lproj/LaunchScreen.storyboard; sourceTree = "<group>"; };
		04364D172DC353B400BE40ED /* Info.plist */ = {isa = PBXFileReference; lastKnownFileType = text.plist.xml; path = Info.plist; sourceTree = "<group>"; };
		04364D1C2DC353B500BE40ED /* UIFusionTests.xctest */ = {isa = PBXFileReference; explicitFileType = wrapper.cfbundle; includeInIndex = 0; path = UIFusionTests.xctest; sourceTree = BUILT_PRODUCTS_DIR; };
		04364D202DC353B500BE40ED /* UIFusionTests.swift */ = {isa = PBXFileReference; lastKnownFileType = sourcecode.swift; path = UIFusionTests.swift; sourceTree = "<group>"; };
		04364D262DC353B500BE40ED /* UIFusionUITests.xctest */ = {isa = PBXFileReference; explicitFileType = wrapper.cfbundle; includeInIndex = 0; path = UIFusionUITests.xctest; sourceTree = BUILT_PRODUCTS_DIR; };
		04364D2A2DC353B500BE40ED /* UIFusionUITests.swift */ = {isa = PBXFileReference; lastKnownFileType = sourcecode.swift; path = UIFusionUITests.swift; sourceTree = "<group>"; };
		04364D2C2DC353B500BE40ED /* UIFusionUITestsLaunchTests.swift */ = {isa = PBXFileReference; lastKnownFileType = sourcecode.swift; path = UIFusionUITestsLaunchTests.swift; sourceTree = "<group>"; };
		04364D392DC358C100BE40ED /* MySwiftUIView.swift */ = {isa = PBXFileReference; lastKnownFileType = sourcecode.swift; path = MySwiftUIView.swift; sourceTree = "<group>"; };
/* End PBXFileReference section */

/* Begin PBXFrameworksBuildPhase section */
		04364D032DC353AF00BE40ED /* Frameworks */ = {
			isa = PBXFrameworksBuildPhase;
			buildActionMask = 2147483647;
			files = (
			);
			runOnlyForDeploymentPostprocessing = 0;
		};
		04364D192DC353B500BE40ED /* Frameworks */ = {
			isa = PBXFrameworksBuildPhase;
			buildActionMask = 2147483647;
			files = (
			);
			runOnlyForDeploymentPostprocessing = 0;
		};
		04364D232DC353B500BE40ED /* Frameworks */ = {
			isa = PBXFrameworksBuildPhase;
			buildActionMask = 2147483647;
			files = (
			);
			runOnlyForDeploymentPostprocessing = 0;
		};
/* End PBXFrameworksBuildPhase section */

/* Begin PBXGroup section */
		04364CFD2DC353AF00BE40ED = {
			isa = PBXGroup;
			children = (
				04364D082DC353B000BE40ED /* UIFusion */,
				04364D1F2DC353B500BE40ED /* UIFusionTests */,
				04364D292DC353B500BE40ED /* UIFusionUITests */,
				04364D072DC353B000BE40ED /* Products */,
			);
			sourceTree = "<group>";
		};
		04364D072DC353B000BE40ED /* Products */ = {
			isa = PBXGroup;
			children = (
				04364D062DC353B000BE40ED /* UIFusion.app */,
				04364D1C2DC353B500BE40ED /* UIFusionTests.xctest */,
				04364D262DC353B500BE40ED /* UIFusionUITests.xctest */,
			);
			name = Products;
			sourceTree = "<group>";
		};
		04364D082DC353B000BE40ED /* UIFusion */ = {
			isa = PBXGroup;
			children = (
				04364D092DC353B000BE40ED /* AppDelegate.swift */,
				04364D0B2DC353B000BE40ED /* SceneDelegate.swift */,
				04364D0D2DC353B000BE40ED /* ViewController.swift */,
				04364D0F2DC353B000BE40ED /* Main.storyboard */,
				04364D122DC353B400BE40ED /* Assets.xcassets */,
				04364D142DC353B400BE40ED /* LaunchScreen.storyboard */,
				04364D172DC353B400BE40ED /* Info.plist */,
				04364D392DC358C100BE40ED /* MySwiftUIView.swift */,
			);
			path = UIFusion;
			sourceTree = "<group>";
		};
		04364D1F2DC353B500BE40ED /* UIFusionTests */ = {
			isa = PBXGroup;
			children = (
				04364D202DC353B500BE40ED /* UIFusionTests.swift */,
			);
			path = UIFusionTests;
			sourceTree = "<group>";
		};
		04364D292DC353B500BE40ED /* UIFusionUITests */ = {
			isa = PBXGroup;
			children = (
				04364D2A2DC353B500BE40ED /* UIFusionUITests.swift */,
				04364D2C2DC353B500BE40ED /* UIFusionUITestsLaunchTests.swift */,
			);
			path = UIFusionUITests;
			sourceTree = "<group>";
		};
/* End PBXGroup section */

/* Begin PBXNativeTarget section */
		04364D052DC353AF00BE40ED /* UIFusion */ = {
			isa = PBXNativeTarget;
			buildConfigurationList = 04364D302DC353B500BE40ED /* Build configuration list for PBXNativeTarget "UIFusion" */;
			buildPhases = (
				04364D022DC353AF00BE40ED /* Sources */,
				04364D032DC353AF00BE40ED /* Frameworks */,
				04364D042DC353AF00BE40ED /* Resources */,
			);
			buildRules = (
			);
			dependencies = (
			);
			name = UIFusion;
			productName = UIFusion;
			productReference = 04364D062DC353B000BE40ED /* UIFusion.app */;
			productType = "com.apple.product-type.application";
		};
		04364D1B2DC353B500BE40ED /* UIFusionTests */ = {
			isa = PBXNativeTarget;
			buildConfigurationList = 04364D332DC353B500BE40ED /* Build configuration list for PBXNativeTarget "UIFusionTests" */;
			buildPhases = (
				04364D182DC353B500BE40ED /* Sources */,
				04364D192DC353B500BE40ED /* Frameworks */,
				04364D1A2DC353B500BE40ED /* Resources */,
			);
			buildRules = (
			);
			dependencies = (
				04364D1E2DC353B500BE40ED /* PBXTargetDependency */,
			);
			name = UIFusionTests;
			productName = UIFusionTests;
			productReference = 04364D1C2DC353B500BE40ED /* UIFusionTests.xctest */;
			productType = "com.apple.product-type.bundle.unit-test";
		};
		04364D252DC353B500BE40ED /* UIFusionUITests */ = {
			isa = PBXNativeTarget;
			buildConfigurationList = 04364D362DC353B500BE40ED /* Build configuration list for PBXNativeTarget "UIFusionUITests" */;
			buildPhases = (
				04364D222DC353B500BE40ED /* Sources */,
				04364D232DC353B500BE40ED /* Frameworks */,
				04364D242DC353B500BE40ED /* Resources */,
			);
			buildRules = (
			);
			dependencies = (
				04364D282DC353B500BE40ED /* PBXTargetDependency */,
			);
			name = UIFusionUITests;
			productName = UIFusionUITests;
			productReference = 04364D262DC353B500BE40ED /* UIFusionUITests.xctest */;
			productType = "com.apple.product-type.bundle.ui-testing";
		};
/* End PBXNativeTarget section */

/* Begin PBXProject section */
		04364CFE2DC353AF00BE40ED /* Project object */ = {
			isa = PBXProject;
			attributes = {
				BuildIndependentTargetsInParallel = 1;
				LastSwiftUpdateCheck = 1520;
				LastUpgradeCheck = 1520;
				TargetAttributes = {
					04364D052DC353AF00BE40ED = {
						CreatedOnToolsVersion = 15.2;
					};
					04364D1B2DC353B500BE40ED = {
						CreatedOnToolsVersion = 15.2;
						TestTargetID = 04364D052DC353AF00BE40ED;
					};
					04364D252DC353B500BE40ED = {
						CreatedOnToolsVersion = 15.2;
						TestTargetID = 04364D052DC353AF00BE40ED;
					};
				};
			};
			buildConfigurationList = 04364D012DC353AF00BE40ED /* Build configuration list for PBXProject "UIFusion" */;
			compatibilityVersion = "Xcode 14.0";
			developmentRegion = en;
			hasScannedForEncodings = 0;
			knownRegions = (
				en,
				Base,
			);
			mainGroup = 04364CFD2DC353AF00BE40ED;
			productRefGroup = 04364D072DC353B000BE40ED /* Products */;
			projectDirPath = "";
			projectRoot = "";
			targets = (
				04364D052DC353AF00BE40ED /* UIFusion */,
				04364D1B2DC353B500BE40ED /* UIFusionTests */,
				04364D252DC353B500BE40ED /* UIFusionUITests */,
			);
		};
/* End PBXProject section */

/* Begin PBXResourcesBuildPhase section */
		04364D042DC353AF00BE40ED /* Resources */ = {
			isa = PBXResourcesBuildPhase;
			buildActionMask = 2147483647;
			files = (
				04364D162DC353B400BE40ED /* LaunchScreen.storyboard in Resources */,
				04364D132DC353B400BE40ED /* Assets.xcassets in Resources */,
				04364D112DC353B000BE40ED /* Main.storyboard in Resources */,
			);
			runOnlyForDeploymentPostprocessing = 0;
		};
		04364D1A2DC353B500BE40ED /* Resources */ = {
			isa = PBXResourcesBuildPhase;
			buildActionMask = 2147483647;
			files = (
			);
			runOnlyForDeploymentPostprocessing = 0;
		};
		04364D242DC353B500BE40ED /* Resources */ = {
			isa = PBXResourcesBuildPhase;
			buildActionMask = 2147483647;
			files = (
			);
			runOnlyForDeploymentPostprocessing = 0;
		};
/* End PBXResourcesBuildPhase section */

/* Begin PBXSourcesBuildPhase section */
		04364D022DC353AF00BE40ED /* Sources */ = {
			isa = PBXSourcesBuildPhase;
			buildActionMask = 2147483647;
			files = (
				04364D0E2DC353B000BE40ED /* ViewController.swift in Sources */,
				04364D0A2DC353B000BE40ED /* AppDelegate.swift in Sources */,
				04364D3A2DC358C100BE40ED /* MySwiftUIView.swift in Sources */,
				04364D0C2DC353B000BE40ED /* SceneDelegate.swift in Sources */,
			);
			runOnlyForDeploymentPostprocessing = 0;
		};
		04364D182DC353B500BE40ED /* Sources */ = {
			isa = PBXSourcesBuildPhase;
			buildActionMask = 2147483647;
			files = (
				04364D212DC353B500BE40ED /* UIFusionTests.swift in Sources */,
			);
			runOnlyForDeploymentPostprocessing = 0;
		};
		04364D222DC353B500BE40ED /* Sources */ = {
			isa = PBXSourcesBuildPhase;
			buildActionMask = 2147483647;
			files = (
				04364D2D2DC353B500BE40ED /* UIFusionUITestsLaunchTests.swift in Sources */,
				04364D2B2DC353B500BE40ED /* UIFusionUITests.swift in Sources */,
			);
			runOnlyForDeploymentPostprocessing = 0;
		};
/* End PBXSourcesBuildPhase section */

/* Begin PBXTargetDependency section */
		04364D1E2DC353B500BE40ED /* PBXTargetDependency */ = {
			isa = PBXTargetDependency;
			target = 04364D052DC353AF00BE40ED /* UIFusion */;
			targetProxy = 04364D1D2DC353B500BE40ED /* PBXContainerItemProxy */;
		};
		04364D282DC353B500BE40ED /* PBXTargetDependency */ = {
			isa = PBXTargetDependency;
			target = 04364D052DC353AF00BE40ED /* UIFusion */;
			targetProxy = 04364D272DC353B500BE40ED /* PBXContainerItemProxy */;
		};
/* End PBXTargetDependency section */

/* Begin PBXVariantGroup section */
		04364D0F2DC353B000BE40ED /* Main.storyboard */ = {
			isa = PBXVariantGroup;
			children = (
				04364D102DC353B000BE40ED /* Base */,
			);
			name = Main.storyboard;
			sourceTree = "<group>";
		};
		04364D142DC353B400BE40ED /* LaunchScreen.storyboard */ = {
			isa = PBXVariantGroup;
			children = (
				04364D152DC353B400BE40ED /* Base */,
			);
			name = LaunchScreen.storyboard;
			sourceTree = "<group>";
		};
/* End PBXVariantGroup section */

/* Begin XCBuildConfiguration section */
		04364D2E2DC353B500BE40ED /* Debug */ = {
			isa = XCBuildConfiguration;
			buildSettings = {
				ALWAYS_SEARCH_USER_PATHS = NO;
				ASSETCATALOG_COMPILER_GENERATE_SWIFT_ASSET_SYMBOL_EXTENSIONS = YES;
				CLANG_ANALYZER_NONNULL = YES;
				CLANG_ANALYZER_NUMBER_OBJECT_CONVERSION = YES_AGGRESSIVE;
				CLANG_CXX_LANGUAGE_STANDARD = "gnu++20";
				CLANG_ENABLE_MODULES = YES;
				CLANG_ENABLE_OBJC_ARC = YES;
				CLANG_ENABLE_OBJC_WEAK = YES;
				CLANG_WARN_BLOCK_CAPTURE_AUTORELEASING = YES;
				CLANG_WARN_BOOL_CONVERSION = YES;
				CLANG_WARN_COMMA = YES;
				CLANG_WARN_CONSTANT_CONVERSION = YES;
				CLANG_WARN_DEPRECATED_OBJC_IMPLEMENTATIONS = YES;
				CLANG_WARN_DIRECT_OBJC_ISA_USAGE = YES_ERROR;
				CLANG_WARN_DOCUMENTATION_COMMENTS = YES;
				CLANG_WARN_EMPTY_BODY = YES;
				CLANG_WARN_ENUM_CONVERSION = YES;
				CLANG_WARN_INFINITE_RECURSION = YES;
				CLANG_WARN_INT_CONVERSION = YES;
				CLANG_WARN_NON_LITERAL_NULL_CONVERSION = YES;
				CLANG_WARN_OBJC_IMPLICIT_RETAIN_SELF = YES;
				CLANG_WARN_OBJC_LITERAL_CONVERSION = YES;
				CLANG_WARN_OBJC_ROOT_CLASS = YES_ERROR;
				CLANG_WARN_QUOTED_INCLUDE_IN_FRAMEWORK_HEADER = YES;
				CLANG_WARN_RANGE_LOOP_ANALYSIS = YES;
				CLANG_WARN_STRICT_PROTOTYPES = YES;
				CLANG_WARN_SUSPICIOUS_MOVE = YES;
				CLANG_WARN_UNGUARDED_AVAILABILITY = YES_AGGRESSIVE;
				CLANG_WARN_UNREACHABLE_CODE = YES;
				CLANG_WARN__DUPLICATE_METHOD_MATCH = YES;
				COPY_PHASE_STRIP = NO;
				DEBUG_INFORMATION_FORMAT = dwarf;
				ENABLE_STRICT_OBJC_MSGSEND = YES;
				ENABLE_TESTABILITY = YES;
				ENABLE_USER_SCRIPT_SANDBOXING = YES;
				GCC_C_LANGUAGE_STANDARD = gnu17;
				GCC_DYNAMIC_NO_PIC = NO;
				GCC_NO_COMMON_BLOCKS = YES;
				GCC_OPTIMIZATION_LEVEL = 0;
				GCC_PREPROCESSOR_DEFINITIONS = (
					"DEBUG=1",
					"$(inherited)",
				);
				GCC_WARN_64_TO_32_BIT_CONVERSION = YES;
				GCC_WARN_ABOUT_RETURN_TYPE = YES_ERROR;
				GCC_WARN_UNDECLARED_SELECTOR = YES;
				GCC_WARN_UNINITIALIZED_AUTOS = YES_AGGRESSIVE;
				GCC_WARN_UNUSED_FUNCTION = YES;
				GCC_WARN_UNUSED_VARIABLE = YES;
				IPHONEOS_DEPLOYMENT_TARGET = 17.2;
				LOCALIZATION_PREFERS_STRING_CATALOGS = YES;
				MTL_ENABLE_DEBUG_INFO = INCLUDE_SOURCE;
				MTL_FAST_MATH = YES;
				ONLY_ACTIVE_ARCH = YES;
				SDKROOT = iphoneos;
				SWIFT_ACTIVE_COMPILATION_CONDITIONS = "DEBUG $(inherited)";
				SWIFT_OPTIMIZATION_LEVEL = "-Onone";
			};
			name = Debug;
		};
		04364D2F2DC353B500BE40ED /* Release */ = {
			isa = XCBuildConfiguration;
			buildSettings = {
				ALWAYS_SEARCH_USER_PATHS = NO;
				ASSETCATALOG_COMPILER_GENERATE_SWIFT_ASSET_SYMBOL_EXTENSIONS = YES;
				CLANG_ANALYZER_NONNULL = YES;
				CLANG_ANALYZER_NUMBER_OBJECT_CONVERSION = YES_AGGRESSIVE;
				CLANG_CXX_LANGUAGE_STANDARD = "gnu++20";
				CLANG_ENABLE_MODULES = YES;
				CLANG_ENABLE_OBJC_ARC = YES;
				CLANG_ENABLE_OBJC_WEAK = YES;
				CLANG_WARN_BLOCK_CAPTURE_AUTORELEASING = YES;
				CLANG_WARN_BOOL_CONVERSION = YES;
				CLANG_WARN_COMMA = YES;
				CLANG_WARN_CONSTANT_CONVERSION = YES;
				CLANG_WARN_DEPRECATED_OBJC_IMPLEMENTATIONS = YES;
				CLANG_WARN_DIRECT_OBJC_ISA_USAGE = YES_ERROR;
				CLANG_WARN_DOCUMENTATION_COMMENTS = YES;
				CLANG_WARN_EMPTY_BODY = YES;
				CLANG_WARN_ENUM_CONVERSION = YES;
				CLANG_WARN_INFINITE_RECURSION = YES;
				CLANG_WARN_INT_CONVERSION = YES;
				CLANG_WARN_NON_LITERAL_NULL_CONVERSION = YES;
				CLANG_WARN_OBJC_IMPLICIT_RETAIN_SELF = YES;
				CLANG_WARN_OBJC_LITERAL_CONVERSION = YES;
				CLANG_WARN_OBJC_ROOT_CLASS = YES_ERROR;
				CLANG_WARN_QUOTED_INCLUDE_IN_FRAMEWORK_HEADER = YES;
				CLANG_WARN_RANGE_LOOP_ANALYSIS = YES;
				CLANG_WARN_STRICT_PROTOTYPES = YES;
				CLANG_WARN_SUSPICIOUS_MOVE = YES;
				CLANG_WARN_UNGUARDED_AVAILABILITY = YES_AGGRESSIVE;
				CLANG_WARN_UNREACHABLE_CODE = YES;
				CLANG_WARN__DUPLICATE_METHOD_MATCH = YES;
				COPY_PHASE_STRIP = NO;
				DEBUG_INFORMATION_FORMAT = "dwarf-with-dsym";
				ENABLE_NS_ASSERTIONS = NO;
				ENABLE_STRICT_OBJC_MSGSEND = YES;
				ENABLE_USER_SCRIPT_SANDBOXING = YES;
				GCC_C_LANGUAGE_STANDARD = gnu17;
				GCC_NO_COMMON_BLOCKS = YES;
				GCC_WARN_64_TO_32_BIT_CONVERSION = YES;
				GCC_WARN_ABOUT_RETURN_TYPE = YES_ERROR;
				GCC_WARN_UNDECLARED_SELECTOR = YES;
				GCC_WARN_UNINITIALIZED_AUTOS = YES_AGGRESSIVE;
				GCC_WARN_UNUSED_FUNCTION = YES;
				GCC_WARN_UNUSED_VARIABLE = YES;
				IPHONEOS_DEPLOYMENT_TARGET = 17.2;
				LOCALIZATION_PREFERS_STRING_CATALOGS = YES;
				MTL_ENABLE_DEBUG_INFO = NO;
				MTL_FAST_MATH = YES;
				SDKROOT = iphoneos;
				SWIFT_COMPILATION_MODE = wholemodule;
				VALIDATE_PRODUCT = YES;
			};
			name = Release;
		};
		04364D312DC353B500BE40ED /* Debug */ = {
			isa = XCBuildConfiguration;
			buildSettings = {
				ASSETCATALOG_COMPILER_APPICON_NAME = AppIcon;
				ASSETCATALOG_COMPILER_GLOBAL_ACCENT_COLOR_NAME = AccentColor;
				CODE_SIGN_STYLE = Automatic;
				CURRENT_PROJECT_VERSION = 1;
				DEVELOPMENT_TEAM = B7QP76NXJN;
				GENERATE_INFOPLIST_FILE = YES;
				INFOPLIST_FILE = UIFusion/Info.plist;
				INFOPLIST_KEY_UIApplicationSupportsIndirectInputEvents = YES;
				INFOPLIST_KEY_UILaunchStoryboardName = LaunchScreen;
				INFOPLIST_KEY_UIMainStoryboardFile = Main;
				INFOPLIST_KEY_UISupportedInterfaceOrientations_iPad = "UIInterfaceOrientationPortrait UIInterfaceOrientationPortraitUpsideDown UIInterfaceOrientationLandscapeLeft UIInterfaceOrientationLandscapeRight";
				INFOPLIST_KEY_UISupportedInterfaceOrientations_iPhone = "UIInterfaceOrientationPortrait UIInterfaceOrientationLandscapeLeft UIInterfaceOrientationLandscapeRight";
				LD_RUNPATH_SEARCH_PATHS = (
					"$(inherited)",
					"@executable_path/Frameworks",
				);
				MARKETING_VERSION = 1.0;
				PRODUCT_BUNDLE_IDENTIFIER = com.anil.UIFusion;
				PRODUCT_NAME = "$(TARGET_NAME)";
				SWIFT_EMIT_LOC_STRINGS = YES;
				SWIFT_VERSION = 5.0;
				TARGETED_DEVICE_FAMILY = "1,2";
			};
			name = Debug;
		};
		04364D322DC353B500BE40ED /* Release */ = {
			isa = XCBuildConfiguration;
			buildSettings = {
				ASSETCATALOG_COMPILER_APPICON_NAME = AppIcon;
				ASSETCATALOG_COMPILER_GLOBAL_ACCENT_COLOR_NAME = AccentColor;
				CODE_SIGN_STYLE = Automatic;
				CURRENT_PROJECT_VERSION = 1;
				DEVELOPMENT_TEAM = B7QP76NXJN;
				GENERATE_INFOPLIST_FILE = YES;
				INFOPLIST_FILE = UIFusion/Info.plist;
				INFOPLIST_KEY_UIApplicationSupportsIndirectInputEvents = YES;
				INFOPLIST_KEY_UILaunchStoryboardName = LaunchScreen;
				INFOPLIST_KEY_UIMainStoryboardFile = Main;
				INFOPLIST_KEY_UISupportedInterfaceOrientations_iPad = "UIInterfaceOrientationPortrait UIInterfaceOrientationPortraitUpsideDown UIInterfaceOrientationLandscapeLeft UIInterfaceOrientationLandscapeRight";
				INFOPLIST_KEY_UISupportedInterfaceOrientations_iPhone = "UIInterfaceOrientationPortrait UIInterfaceOrientationLandscapeLeft UIInterfaceOrientationLandscapeRight";
				LD_RUNPATH_SEARCH_PATHS = (
					"$(inherited)",
					"@executable_path/Frameworks",
				);
				MARKETING_VERSION = 1.0;
				PRODUCT_BUNDLE_IDENTIFIER = com.anil.UIFusion;
				PRODUCT_NAME = "$(TARGET_NAME)";
				SWIFT_EMIT_LOC_STRINGS = YES;
				SWIFT_VERSION = 5.0;
				TARGETED_DEVICE_FAMILY = "1,2";
			};
			name = Release;
		};
		04364D342DC353B500BE40ED /* Debug */ = {
			isa = XCBuildConfiguration;
			buildSettings = {
				ALWAYS_EMBED_SWIFT_STANDARD_LIBRARIES = YES;
				BUNDLE_LOADER = "$(TEST_HOST)";
				CODE_SIGN_STYLE = Automatic;
				CURRENT_PROJECT_VERSION = 1;
				DEVELOPMENT_TEAM = B7QP76NXJN;
				GENERATE_INFOPLIST_FILE = YES;
				IPHONEOS_DEPLOYMENT_TARGET = 17.2;
				MARKETING_VERSION = 1.0;
				PRODUCT_BUNDLE_IDENTIFIER = com.anil.UIFusionTests;
				PRODUCT_NAME = "$(TARGET_NAME)";
				SWIFT_EMIT_LOC_STRINGS = NO;
				SWIFT_VERSION = 5.0;
				TARGETED_DEVICE_FAMILY = "1,2";
				TEST_HOST = "$(BUILT_PRODUCTS_DIR)/UIFusion.app/$(BUNDLE_EXECUTABLE_FOLDER_PATH)/UIFusion";
			};
			name = Debug;
		};
		04364D352DC353B500BE40ED /* Release */ = {
			isa = XCBuildConfiguration;
			buildSettings = {
				ALWAYS_EMBED_SWIFT_STANDARD_LIBRARIES = YES;
				BUNDLE_LOADER = "$(TEST_HOST)";
				CODE_SIGN_STYLE = Automatic;
				CURRENT_PROJECT_VERSION = 1;
				DEVELOPMENT_TEAM = B7QP76NXJN;
				GENERATE_INFOPLIST_FILE = YES;
				IPHONEOS_DEPLOYMENT_TARGET = 17.2;
				MARKETING_VERSION = 1.0;
				PRODUCT_BUNDLE_IDENTIFIER = com.anil.UIFusionTests;
				PRODUCT_NAME = "$(TARGET_NAME)";
				SWIFT_EMIT_LOC_STRINGS = NO;
				SWIFT_VERSION = 5.0;
				TARGETED_DEVICE_FAMILY = "1,2";
				TEST_HOST = "$(BUILT_PRODUCTS_DIR)/UIFusion.app/$(BUNDLE_EXECUTABLE_FOLDER_PATH)/UIFusion";
			};
			name = Release;
		};
		04364D372DC353B500BE40ED /* Debug */ = {
			isa = XCBuildConfiguration;
			buildSettings = {
				ALWAYS_EMBED_SWIFT_STANDARD_LIBRARIES = YES;
				CODE_SIGN_STYLE = Automatic;
				CURRENT_PROJECT_VERSION = 1;
				DEVELOPMENT_TEAM = B7QP76NXJN;
				GENERATE_INFOPLIST_FILE = YES;
				MARKETING_VERSION = 1.0;
				PRODUCT_BUNDLE_IDENTIFIER = com.anil.UIFusionUITests;
				PRODUCT_NAME = "$(TARGET_NAME)";
				SWIFT_EMIT_LOC_STRINGS = NO;
				SWIFT_VERSION = 5.0;
				TARGETED_DEVICE_FAMILY = "1,2";
				TEST_TARGET_NAME = UIFusion;
			};
			name = Debug;
		};
		04364D382DC353B500BE40ED /* Release */ = {
			isa = XCBuildConfiguration;
			buildSettings = {
				ALWAYS_EMBED_SWIFT_STANDARD_LIBRARIES = YES;
				CODE_SIGN_STYLE = Automatic;
				CURRENT_PROJECT_VERSION = 1;
				DEVELOPMENT_TEAM = B7QP76NXJN;
				GENERATE_INFOPLIST_FILE = YES;
				MARKETING_VERSION = 1.0;
				PRODUCT_BUNDLE_IDENTIFIER = com.anil.UIFusionUITests;
				PRODUCT_NAME = "$(TARGET_NAME)";
				SWIFT_EMIT_LOC_STRINGS = NO;
				SWIFT_VERSION = 5.0;
				TARGETED_DEVICE_FAMILY = "1,2";
				TEST_TARGET_NAME = UIFusion;
			};
			name = Release;
		};
/* End XCBuildConfiguration section */

/* Begin XCConfigurationList section */
		04364D012DC353AF00BE40ED /* Build configuration list for PBXProject "UIFusion" */ = {
			isa = XCConfigurationList;
			buildConfigurations = (
				04364D2E2DC353B500BE40ED /* Debug */,
				04364D2F2DC353B500BE40ED /* Release */,
			);
			defaultConfigurationIsVisible = 0;
			defaultConfigurationName = Release;
		};
		04364D302DC353B500BE40ED /* Build configuration list for PBXNativeTarget "UIFusion" */ = {
			isa = XCConfigurationList;
			buildConfigurations = (
				04364D312DC353B500BE40ED /* Debug */,
				04364D322DC353B500BE40ED /* Release */,
			);
			defaultConfigurationIsVisible = 0;
			defaultConfigurationName = Release;
		};
		04364D332DC353B500BE40ED /* Build configuration list for PBXNativeTarget "UIFusionTests" */ = {
			isa = XCConfigurationList;
			buildConfigurations = (
				04364D342DC353B500BE40ED /* Debug */,
				04364D352DC353B500BE40ED /* Release */,
			);
			defaultConfigurationIsVisible = 0;
			defaultConfigurationName = Release;
		};
		04364D362DC353B500BE40ED /* Build configuration list for PBXNativeTarget "UIFusionUITests" */ = {
			isa = XCConfigurationList;
			buildConfigurations = (
				04364D372DC353B500BE40ED /* Debug */,
				04364D382DC353B500BE40ED /* Release */,
			);
			defaultConfigurationIsVisible = 0;
			defaultConfigurationName = Release;
		};
/* End XCConfigurationList section */
	};
	rootObject = 04364CFE2DC353AF00BE40ED /* Project object */;
}
